PODS:
  - Expecta (1.0.5)
  - Kogatana (0.1.0):
    - Kogatana/iOS (= 0.1.0)
    - Kogatana/OSX (= 0.1.0)
  - Kogatana/iOS (0.1.0)
  - Kogatana/OSX (0.1.0)
  - Specta (1.0.5)

DEPENDENCIES:
  - Expecta
  - Kogatana (from `../`)
  - Specta

EXTERNAL SOURCES:
  Kogatana:
    :path: "../"

SPEC CHECKSUMS:
  Expecta: e1c022fcd33910b6be89c291d2775b3fe27a89fe
  Kogatana: 17b30378a2efac34868866436b0f791b441b853f
  Specta: ac94d110b865115fe60ff2c6d7281053c6f8e8a2

PODFILE CHECKSUM: 8f60c0cd4b17dbdeb0167acf0683c611230cd00b

COCOAPODS: 1.1.1
